Microsoft Visual Studio Solution File, Format Version 11.00
# Visual Studio 2008

Project("{B2C1828E-97BB-0298-05A0-955E7A234144}") = "COMP305-F2016-Lesson9B", "Assembly-CSharp.csproj", "{08268EE7-DC9E-7306-9E89-FDCCC698F7F5}"
EndProject
Project("{B2C1828E-97BB-0298-05A0-955E7A234144}") = "COMP305-F2016-Lesson9B", "Assembly-CSharp-Editor.csproj", "{A81FC6BA-828D-7FFA-5524-10095A62AD49}"
EndProject
Global
	GlobalSection(SolutionConfigurationPlatforms) = preSolution
		Debug|Any CPU = Debug|Any CPU
		Release|Any CPU = Release|Any CPU
	EndGlobalSection
	GlobalSection(ProjectConfigurationPlatforms) = postSolution
		{08268EE7-DC9E-7306-9E89-FDCCC698F7F5}.Debug|Any CPU.ActiveCfg = Debug|Any CPU
		{08268EE7-DC9E-7306-9E89-FDCCC698F7F5}.Debug|Any CPU.Build.0 = Debug|Any CPU
		{08268EE7-DC9E-7306-9E89-FDCCC698F7F5}.Release|Any CPU.ActiveCfg = Release|Any CPU
		{08268EE7-DC9E-7306-9E89-FDCCC698F7F5}.Release|Any CPU.Build.0 = Release|Any CPU
		{A81FC6BA-828D-7FFA-5524-10095A62AD49}.Debug|Any CPU.ActiveCfg = Debug|Any CPU
		{A81FC6BA-828D-7FFA-5524-10095A62AD49}.Debug|Any CPU.Build.0 = Debug|Any CPU
		{A81FC6BA-828D-7FFA-5524-10095A62AD49}.Release|Any CPU.ActiveCfg = Release|Any CPU
		{A81FC6BA-828D-7FFA-5524-10095A62AD49}.Release|Any CPU.Build.0 = Release|Any CPU
	EndGlobalSection
	GlobalSection(SolutionProperties) = preSolution
		HideSolutionNode = FALSE
	EndGlobalSection
	GlobalSection(MonoDevelopProperties) = preSolution
		StartupItem = Assembly-CSharp.csproj
	EndGlobalSection
EndGlobal
